lockfileVersion: '9.0'

settings:
  autoInstallPeers: true
  excludeLinksFromLockfile: false

importers:

  .:
    dependencies:
      '@lilac-wysiwyg/core':
        specifier: latest
        version: 0.5.0
    devDependencies:
      preact:
        specifier: ^10.19.0
        version: 10.29.8
      typescript:
        specifier: ^5.0.2
        version: 5.9.3

packages:

  '@lilac-wysiwyg/core@0.5.0':
    resolution: {integrity: sha512-ylVcadk+B4AyFo165yl+Vf5vtN8LP4YuMxaFnOV4K8XD7tyIxbRY3t0r09oWM7BFfu+sRCS5c6BSlqwYgFqT6g==}

  preact@10.29.8:
    resolution: {integrity: sha512-ej2aVZ+vZ8WO7tvlQWRM9N63A0KzF9q4mWJfDUHgYaIofWY9hu74QdnQrjoPMmZi2/nZ5gN0bJCQF49xQqx09Q==}
    peerDependencies:
      preact-render-to-string: '>=5'
    peerDependenciesMeta:
      preact-render-to-string:
        optional: true

  typescript@5.9.3:
    resolution: {integrity: sha512-jl1vZzPDinLr9eUt3J/t7V6FgNEw9QjvBPdysz9KfQDD41fQrC2Y4vKQdiaUpFT4bXlb1RHhLpp8wtm6M5TgSw==}
    engines: {node: '>=14.17'}
    hasBin: true

snapshots:

  '@lilac-wysiwyg/core@0.5.0': {}

  preact@10.29.8: {}

  typescript@5.9.3: {}
